
Microsoft Visual Studio Solution File, Format Version 12.00
# Visual Studio Version 16
VisualStudioVersion = 16.0.31105.61
MinimumVisualStudioVersion = 10.0.40219.1
Project("{FAE04EC0-301F-11D3-BF4B-00C04F79EFBC}") = "RogueLike", "RogueLike\RogueLike.csproj", "{BC2F5A84-46CF-4FD1-8F50-C4AA17B1961B}"
EndProject
Global
	GlobalSection(SolutionConfigurationPlatforms) = preSolution
		Debug|Any CPU = Debug|Any CPU
		Release|Any CPU = Release|Any CPU
	EndGlobalSection
	GlobalSection(ProjectConfigurationPlatforms) = postSolution
		{BC2F5A84-46CF-4FD1-8F50-C4AA17B1961B}.Debug|Any CPU.ActiveCfg = Debug|Any CPU
		{BC2F5A84-46CF-4FD1-8F50-C4AA17B1961B}.Debug|Any CPU.Build.0 = Debug|Any CPU
		{BC2F5A84-46CF-4FD1-8F50-C4AA17B1961B}.Release|Any CPU.ActiveCfg = Release|Any CPU
		{BC2F5A84-46CF-4FD1-8F50-C4AA17B1961B}.Release|Any CPU.Build.0 = Release|Any CPU
	EndGlobalSection
	GlobalSection(SolutionProperties) = preSolution
		HideSolutionNode = FALSE
	EndGlobalSection
	GlobalSection(ExtensibilityGlobals) = postSolution
		SolutionGuid = {BCB94C8F-E531-4FC3-AE31-E547D8B20BB6}
	EndGlobalSection
EndGlobal
